
Microsoft Visual Studio Solution File, Format Version 12.00
# Visual Studio 15
VisualStudioVersion = 15.0.27130.2010
MinimumVisualStudioVersion = 10.0.40219.1
Project("{FAE04EC0-301F-11D3-BF4B-00C04F79EFBC}") = "BLL", "BLL\BLL.csproj", "{ED371683-2749-4520-BC49-FF34B22031FF}"
EndProject
Project("{FAE04EC0-301F-11D3-BF4B-00C04F79EFBC}") = "DAL", "DAL\DAL.csproj", "{5DC64FE0-E67D-4CEE-8926-F468F963264C}"
EndProject
Project("{FAE04EC0-301F-11D3-BF4B-00C04F79EFBC}") = "DML", "DML\DML.csproj", "{0CE32022-9153-4E44-BB2B-178E5832A1E7}"
EndProject
Global
	GlobalSection(SolutionConfigurationPlatforms) = preSolution
		Debug|Any CPU = Debug|Any CPU
		Release|Any CPU = Release|Any CPU
	EndGlobalSection
	GlobalSection(ProjectConfigurationPlatforms) = postSolution
		{ED371683-2749-4520-BC49-FF34B22031FF}.Debug|Any CPU.ActiveCfg = Debug|Any CPU
		{ED371683-2749-4520-BC49-FF34B22031FF}.Debug|Any CPU.Build.0 = Debug|Any CPU
		{ED371683-2749-4520-BC49-FF34B22031FF}.Release|Any CPU.ActiveCfg = Release|Any CPU
		{ED371683-2749-4520-BC49-FF34B22031FF}.Release|Any CPU.Build.0 = Release|Any CPU
		{5DC64FE0-E67D-4CEE-8926-F468F963264C}.Debug|Any CPU.ActiveCfg = Debug|Any CPU
		{5DC64FE0-E67D-4CEE-8926-F468F963264C}.Debug|Any CPU.Build.0 = Debug|Any CPU
		{5DC64FE0-E67D-4CEE-8926-F468F963264C}.Release|Any CPU.ActiveCfg = Release|Any CPU
		{5DC64FE0-E67D-4CEE-8926-F468F963264C}.Release|Any CPU.Build.0 = Release|Any CPU
		{0CE32022-9153-4E44-BB2B-178E5832A1E7}.Debug|Any CPU.ActiveCfg = Debug|Any CPU
		{0CE32022-9153-4E44-BB2B-178E5832A1E7}.Debug|Any CPU.Build.0 = Debug|Any CPU
		{0CE32022-9153-4E44-BB2B-178E5832A1E7}.Release|Any CPU.ActiveCfg = Release|Any CPU
		{0CE32022-9153-4E44-BB2B-178E5832A1E7}.Release|Any CPU.Build.0 = Release|Any CPU
	EndGlobalSection
	GlobalSection(SolutionProperties) = preSolution
		HideSolutionNode = FALSE
	EndGlobalSection
	GlobalSection(ExtensibilityGlobals) = postSolution
		SolutionGuid = {ECEB0D6D-2F5E-4466-8A33-296193575181}
	EndGlobalSection
EndGlobal
